// !$*UTF8*$!
{
	archiveVersion = 1;
	classes = {
	};
	objectVersion = 56;
	objects = {

/* Begin PBXBuildFile section */
		5A46C8E82B4E8C9D00CFC675 /* N_VoiceMemoApp.swift in Sources */ = {isa = PBXBuildFile; fileRef = 5A46C8E72B4E8C9D00CFC675 /* N_VoiceMemoApp.swift */; };
		5A46C8EA2B4E8C9D00CFC675 /* ContentView.swift in Sources */ = {isa = PBXBuildFile; fileRef = 5A46C8E92B4E8C9D00CFC675 /* ContentView.swift */; };
		5A46C8EC2B4E8CA100CFC675 /* Assets.xcassets in Resources */ = {isa = PBXBuildFile; fileRef = 5A46C8EB2B4E8CA100CFC675 /* Assets.xcassets */; };
		5A46C8EF2B4E8CA100CFC675 /* Preview Assets.xcassets in Resources */ = {isa = PBXBuildFile; fileRef = 5A46C8EE2B4E8CA100CFC675 /* Preview Assets.xcassets */; };
		5A46C8FB2B4E8D3700CFC675 /* AppDelegate.swift in Sources */ = {isa = PBXBuildFile; fileRef = 5A46C8FA2B4E8D3700CFC675 /* AppDelegate.swift */; };
		5A46C9092B4E94FF00CFC675 /* LaunchScreen.storyboard in Resources */ = {isa = PBXBuildFile; fileRef = 5A46C9082B4E94FF00CFC675 /* LaunchScreen.storyboard */; };
		5A46C90D2B4E98AC00CFC675 /* OnboardingContent.swift in Sources */ = {isa = PBXBuildFile; fileRef = 5A46C90C2B4E98AC00CFC675 /* OnboardingContent.swift */; };
		5A46C90F2B4E997900CFC675 /* OnboardingViewModel.swift in Sources */ = {isa = PBXBuildFile; fileRef = 5A46C90E2B4E997900CFC675 /* OnboardingViewModel.swift */; };
		5A46C9132B4E9CBC00CFC675 /* OnboardingView.swift in Sources */ = {isa = PBXBuildFile; fileRef = 5A46C9122B4E9CBC00CFC675 /* OnboardingView.swift */; };
		5AB9AE302B4FF31C0021F819 /* Path.swift in Sources */ = {isa = PBXBuildFile; fileRef = 5AB9AE2F2B4FF31C0021F819 /* Path.swift */; };
		5AB9AE322B4FF3260021F819 /* PathType.swift in Sources */ = {isa = PBXBuildFile; fileRef = 5AB9AE312B4FF3260021F819 /* PathType.swift */; };
		5AB9AE342B4FF4A00021F819 /* HomeView.swift in Sources */ = {isa = PBXBuildFile; fileRef = 5AB9AE332B4FF4A00021F819 /* HomeView.swift */; };
		5AB9AE362B4FF4A90021F819 /* TodoView.swift in Sources */ = {isa = PBXBuildFile; fileRef = 5AB9AE352B4FF4A90021F819 /* TodoView.swift */; };
		5AB9AE382B4FF4B10021F819 /* MemoView.swift in Sources */ = {isa = PBXBuildFile; fileRef = 5AB9AE372B4FF4B10021F819 /* MemoView.swift */; };
/* End PBXBuildFile section */

/* Begin PBXFileReference section */
		5A46C8E42B4E8C9D00CFC675 /* N_VoiceMemo.app */ = {isa = PBXFileReference; explicitFileType = wrapper.application; includeInIndex = 0; path = N_VoiceMemo.app; sourceTree = BUILT_PRODUCTS_DIR; };
		5A46C8E72B4E8C9D00CFC675 /* N_VoiceMemoApp.swift */ = {isa = PBXFileReference; lastKnownFileType = sourcecode.swift; path = N_VoiceMemoApp.swift; sourceTree = "<group>"; };
		5A46C8E92B4E8C9D00CFC675 /* ContentView.swift */ = {isa = PBXFileReference; lastKnownFileType = sourcecode.swift; path = ContentView.swift; sourceTree = "<group>"; };
		5A46C8EB2B4E8CA100CFC675 /* Assets.xcassets */ = {isa = PBXFileReference; lastKnownFileType = folder.assetcatalog; path = Assets.xcassets; sourceTree = "<group>"; };
		5A46C8EE2B4E8CA100CFC675 /* Preview Assets.xcassets */ = {isa = PBXFileReference; lastKnownFileType = folder.assetcatalog; path = "Preview Assets.xcassets"; sourceTree = "<group>"; };
		5A46C8FA2B4E8D3700CFC675 /* AppDelegate.swift */ = {isa = PBXFileReference; lastKnownFileType = sourcecode.swift; path = AppDelegate.swift; sourceTree = "<group>"; };
		5A46C9082B4E94FF00CFC675 /* LaunchScreen.storyboard */ = {isa = PBXFileReference; lastKnownFileType = file.storyboard; path = LaunchScreen.storyboard; sourceTree = "<group>"; };
		5A46C90C2B4E98AC00CFC675 /* OnboardingContent.swift */ = {isa = PBXFileReference; lastKnownFileType = sourcecode.swift; path = OnboardingContent.swift; sourceTree = "<group>"; };
		5A46C90E2B4E997900CFC675 /* OnboardingViewModel.swift */ = {isa = PBXFileReference; lastKnownFileType = sourcecode.swift; path = OnboardingViewModel.swift; sourceTree = "<group>"; };
		5A46C9122B4E9CBC00CFC675 /* OnboardingView.swift */ = {isa = PBXFileReference; lastKnownFileType = sourcecode.swift; path = OnboardingView.swift; sourceTree = "<group>"; };
		5AB9AE2F2B4FF31C0021F819 /* Path.swift */ = {isa = PBXFileReference; lastKnownFileType = sourcecode.swift; path = Path.swift; sourceTree = "<group>"; };
		5AB9AE312B4FF3260021F819 /* PathType.swift */ = {isa = PBXFileReference; lastKnownFileType = sourcecode.swift; path = PathType.swift; sourceTree = "<group>"; };
		5AB9AE332B4FF4A00021F819 /* HomeView.swift */ = {isa = PBXFileReference; lastKnownFileType = sourcecode.swift; path = HomeView.swift; sourceTree = "<group>"; };
		5AB9AE352B4FF4A90021F819 /* TodoView.swift */ = {isa = PBXFileReference; lastKnownFileType = sourcecode.swift; path = TodoView.swift; sourceTree = "<group>"; };
		5AB9AE372B4FF4B10021F819 /* MemoView.swift */ = {isa = PBXFileReference; lastKnownFileType = sourcecode.swift; path = MemoView.swift; sourceTree = "<group>"; };
/* End PBXFileReference section */

/* Begin PBXFrameworksBuildPhase section */
		5A46C8E12B4E8C9D00CFC675 /* Frameworks */ = {
			isa = PBXFrameworksBuildPhase;
			buildActionMask = 2147483647;
			files = (
			);
			runOnlyForDeploymentPostprocessing = 0;
		};
/* End PBXFrameworksBuildPhase section */

/* Begin PBXGroup section */
		5A46C8DB2B4E8C9D00CFC675 = {
			isa = PBXGroup;
			children = (
				5A46C8E62B4E8C9D00CFC675 /* N_VoiceMemo */,
				5A46C8E52B4E8C9D00CFC675 /* Products */,
			);
			sourceTree = "<group>";
		};
		5A46C8E52B4E8C9D00CFC675 /* Products */ = {
			isa = PBXGroup;
			children = (
				5A46C8E42B4E8C9D00CFC675 /* N_VoiceMemo.app */,
			);
			name = Products;
			sourceTree = "<group>";
		};
		5A46C8E62B4E8C9D00CFC675 /* N_VoiceMemo */ = {
			isa = PBXGroup;
			children = (
				5A46C8F52B4E8CC400CFC675 /* App */,
				5A46C8F62B4E8CCD00CFC675 /* Core */,
				5A46C8F72B4E8CDB00CFC675 /* Component */,
				5A46C8F82B4E8CE200CFC675 /* Feature */,
				5A46C8F92B4E8CEF00CFC675 /* Model */,
				5A46C8E92B4E8C9D00CFC675 /* ContentView.swift */,
				5A46C8EB2B4E8CA100CFC675 /* Assets.xcassets */,
				5A46C8ED2B4E8CA100CFC675 /* Preview Content */,
			);
			path = N_VoiceMemo;
			sourceTree = "<group>";
		};
		5A46C8ED2B4E8CA100CFC675 /* Preview Content */ = {
			isa = PBXGroup;
			children = (
				5A46C8EE2B4E8CA100CFC675 /* Preview Assets.xcassets */,
			);
			path = "Preview Content";
			sourceTree = "<group>";
		};
		5A46C8F52B4E8CC400CFC675 /* App */ = {
			isa = PBXGroup;
			children = (
				5A46C8E72B4E8C9D00CFC675 /* N_VoiceMemoApp.swift */,
				5A46C8FA2B4E8D3700CFC675 /* AppDelegate.swift */,
				5A46C9082B4E94FF00CFC675 /* LaunchScreen.storyboard */,
			);
			path = App;
			sourceTree = "<group>";
		};
		5A46C8F62B4E8CCD00CFC675 /* Core */ = {
			isa = PBXGroup;
			children = (
				5A46C8FD2B4E8D6100CFC675 /* Extension */,
				5A46C8FC2B4E8D5A00CFC675 /* Service */,
			);
			path = Core;
			sourceTree = "<group>";
		};
		5A46C8F72B4E8CDB00CFC675 /* Component */ = {
			isa = PBXGroup;
			children = (
				5A46C8FE2B4E8DAC00CFC675 /* CustomView */,
				5A46C8FF2B4E8DB500CFC675 /* NavigationBar */,
			);
			path = Component;
			sourceTree = "<group>";
		};
		5A46C8F82B4E8CE200CFC675 /* Feature */ = {
			isa = PBXGroup;
			children = (
				5A46C9002B4E8DC200CFC675 /* Onboarding */,
				5A46C9012B4E8DCB00CFC675 /* Home */,
			);
			path = Feature;
			sourceTree = "<group>";
		};
		5A46C8F92B4E8CEF00CFC675 /* Model */ = {
			isa = PBXGroup;
			children = (
				5A46C9022B4E8DDB00CFC675 /* Path */,
				5A46C9032B4E8DE200CFC675 /* Onboarding */,
			);
			path = Model;
			sourceTree = "<group>";
		};
		5A46C8FC2B4E8D5A00CFC675 /* Service */ = {
			isa = PBXGroup;
			children = (
			);
			path = Service;
			sourceTree = "<group>";
		};
		5A46C8FD2B4E8D6100CFC675 /* Extension */ = {
			isa = PBXGroup;
			children = (
			);
			path = Extension;
			sourceTree = "<group>";
		};
		5A46C8FE2B4E8DAC00CFC675 /* CustomView */ = {
			isa = PBXGroup;
			children = (
			);
			path = CustomView;
			sourceTree = "<group>";
		};
		5A46C8FF2B4E8DB500CFC675 /* NavigationBar */ = {
			isa = PBXGroup;
			children = (
			);
			path = NavigationBar;
			sourceTree = "<group>";
		};
		5A46C9002B4E8DC200CFC675 /* Onboarding */ = {
			isa = PBXGroup;
			children = (
				5A46C90E2B4E997900CFC675 /* OnboardingViewModel.swift */,
				5A46C9122B4E9CBC00CFC675 /* OnboardingView.swift */,
			);
			path = Onboarding;
			sourceTree = "<group>";
		};
		5A46C9012B4E8DCB00CFC675 /* Home */ = {
			isa = PBXGroup;
			children = (
				5AB9AE332B4FF4A00021F819 /* HomeView.swift */,
				5A46C9142B4FE49000CFC675 /* TodoList */,
				5A46C9152B4FE49B00CFC675 /* MemoList */,
				5A46C9162B4FE4AE00CFC675 /* VoiceRecoder */,
				5A46C9172B4FE4B900CFC675 /* Timer */,
				5AB9AE392B4FF69A0021F819 /* Setting */,
			);
			path = Home;
			sourceTree = "<group>";
		};
		5A46C9022B4E8DDB00CFC675 /* Path */ = {
			isa = PBXGroup;
			children = (
				5AB9AE2F2B4FF31C0021F819 /* Path.swift */,
				5AB9AE312B4FF3260021F819 /* PathType.swift */,
			);
			path = Path;
			sourceTree = "<group>";
		};
		5A46C9032B4E8DE200CFC675 /* Onboarding */ = {
			isa = PBXGroup;
			children = (
				5A46C90C2B4E98AC00CFC675 /* OnboardingContent.swift */,
			);
			path = Onboarding;
			sourceTree = "<group>";
		};
		5A46C9142B4FE49000CFC675 /* TodoList */ = {
			isa = PBXGroup;
			children = (
				5AB9AE352B4FF4A90021F819 /* TodoView.swift */,
			);
			path = TodoList;
			sourceTree = "<group>";
		};
		5A46C9152B4FE49B00CFC675 /* MemoList */ = {
			isa = PBXGroup;
			children = (
				5AB9AE372B4FF4B10021F819 /* MemoView.swift */,
			);
			path = MemoList;
			sourceTree = "<group>";
		};
		5A46C9162B4FE4AE00CFC675 /* VoiceRecoder */ = {
			isa = PBXGroup;
			children = (
			);
			path = VoiceRecoder;
			sourceTree = "<group>";
		};
		5A46C9172B4FE4B900CFC675 /* Timer */ = {
			isa = PBXGroup;
			children = (
			);
			path = Timer;
			sourceTree = "<group>";
		};
		5AB9AE392B4FF69A0021F819 /* Setting */ = {
			isa = PBXGroup;
			children = (
			);
			path = Setting;
			sourceTree = "<group>";
		};
/* End PBXGroup section */

/* Begin PBXNativeTarget section */
		5A46C8E32B4E8C9D00CFC675 /* N_VoiceMemo */ = {
			isa = PBXNativeTarget;
			buildConfigurationList = 5A46C8F22B4E8CA100CFC675 /* Build configuration list for PBXNativeTarget "N_VoiceMemo" */;
			buildPhases = (
				5A46C8E02B4E8C9D00CFC675 /* Sources */,
				5A46C8E12B4E8C9D00CFC675 /* Frameworks */,
				5A46C8E22B4E8C9D00CFC675 /* Resources */,
			);
			buildRules = (
			);
			dependencies = (
			);
			name = N_VoiceMemo;
			productName = N_VoiceMemo;
			productReference = 5A46C8E42B4E8C9D00CFC675 /* N_VoiceMemo.app */;
			productType = "com.apple.product-type.application";
		};
/* End PBXNativeTarget section */

/* Begin PBXProject section */
		5A46C8DC2B4E8C9D00CFC675 /* Project object */ = {
			isa = PBXProject;
			attributes = {
				BuildIndependentTargetsInParallel = 1;
				LastSwiftUpdateCheck = 1510;
				LastUpgradeCheck = 1510;
				TargetAttributes = {
					5A46C8E32B4E8C9D00CFC675 = {
						CreatedOnToolsVersion = 15.1;
					};
				};
			};
			buildConfigurationList = 5A46C8DF2B4E8C9D00CFC675 /* Build configuration list for PBXProject "N_VoiceMemo" */;
			compatibilityVersion = "Xcode 14.0";
			developmentRegion = en;
			hasScannedForEncodings = 0;
			knownRegions = (
				en,
				Base,
			);
			mainGroup = 5A46C8DB2B4E8C9D00CFC675;
			productRefGroup = 5A46C8E52B4E8C9D00CFC675 /* Products */;
			projectDirPath = "";
			projectRoot = "";
			targets = (
				5A46C8E32B4E8C9D00CFC675 /* N_VoiceMemo */,
			);
		};
/* End PBXProject section */

/* Begin PBXResourcesBuildPhase section */
		5A46C8E22B4E8C9D00CFC675 /* Resources */ = {
			isa = PBXResourcesBuildPhase;
			buildActionMask = 2147483647;
			files = (
				5A46C9092B4E94FF00CFC675 /* LaunchScreen.storyboard in Resources */,
				5A46C8EF2B4E8CA100CFC675 /* Preview Assets.xcassets in Resources */,
				5A46C8EC2B4E8CA100CFC675 /* Assets.xcassets in Resources */,
			);
			runOnlyForDeploymentPostprocessing = 0;
		};
/* End PBXResourcesBuildPhase section */

/* Begin PBXSourcesBuildPhase section */
		5A46C8E02B4E8C9D00CFC675 /* Sources */ = {
			isa = PBXSourcesBuildPhase;
			buildActionMask = 2147483647;
			files = (
				5A46C90D2B4E98AC00CFC675 /* OnboardingContent.swift in Sources */,
				5A46C8FB2B4E8D3700CFC675 /* AppDelegate.swift in Sources */,
				5AB9AE342B4FF4A00021F819 /* HomeView.swift in Sources */,
				5AB9AE322B4FF3260021F819 /* PathType.swift in Sources */,
				5A46C8EA2B4E8C9D00CFC675 /* ContentView.swift in Sources */,
				5A46C90F2B4E997900CFC675 /* OnboardingViewModel.swift in Sources */,
				5A46C8E82B4E8C9D00CFC675 /* N_VoiceMemoApp.swift in Sources */,
				5AB9AE302B4FF31C0021F819 /* Path.swift in Sources */,
				5AB9AE362B4FF4A90021F819 /* TodoView.swift in Sources */,
				5AB9AE382B4FF4B10021F819 /* MemoView.swift in Sources */,
				5A46C9132B4E9CBC00CFC675 /* OnboardingView.swift in Sources */,
			);
			runOnlyForDeploymentPostprocessing = 0;
		};
/* End PBXSourcesBuildPhase section */

/* Begin XCBuildConfiguration section */
		5A46C8F02B4E8CA100CFC675 /* Debug */ = {
			isa = XCBuildConfiguration;
			buildSettings = {
				ALWAYS_SEARCH_USER_PATHS = NO;
				ASSETCATALOG_COMPILER_GENERATE_SWIFT_ASSET_SYMBOL_EXTENSIONS = YES;
				CLANG_ANALYZER_NONNULL = YES;
				CLANG_ANALYZER_NUMBER_OBJECT_CONVERSION = YES_AGGRESSIVE;
				CLANG_CXX_LANGUAGE_STANDARD = "gnu++20";
				CLANG_ENABLE_MODULES = YES;
				CLANG_ENABLE_OBJC_ARC = YES;
				CLANG_ENABLE_OBJC_WEAK = YES;
				CLANG_WARN_BLOCK_CAPTURE_AUTORELEASING = YES;
				CLANG_WARN_BOOL_CONVERSION = YES;
				CLANG_WARN_COMMA = YES;
				CLANG_WARN_CONSTANT_CONVERSION = YES;
				CLANG_WARN_DEPRECATED_OBJC_IMPLEMENTATIONS = YES;
				CLANG_WARN_DIRECT_OBJC_ISA_USAGE = YES_ERROR;
				CLANG_WARN_DOCUMENTATION_COMMENTS = YES;
				CLANG_WARN_EMPTY_BODY = YES;
				CLANG_WARN_ENUM_CONVERSION = YES;
				CLANG_WARN_INFINITE_RECURSION = YES;
				CLANG_WARN_INT_CONVERSION = YES;
				CLANG_WARN_NON_LITERAL_NULL_CONVERSION = YES;
				CLANG_WARN_OBJC_IMPLICIT_RETAIN_SELF = YES;
				CLANG_WARN_OBJC_LITERAL_CONVERSION = YES;
				CLANG_WARN_OBJC_ROOT_CLASS = YES_ERROR;
				CLANG_WARN_QUOTED_INCLUDE_IN_FRAMEWORK_HEADER = YES;
				CLANG_WARN_RANGE_LOOP_ANALYSIS = YES;
				CLANG_WARN_STRICT_PROTOTYPES = YES;
				CLANG_WARN_SUSPICIOUS_MOVE = YES;
				CLANG_WARN_UNGUARDED_AVAILABILITY = YES_AGGRESSIVE;
				CLANG_WARN_UNREACHABLE_CODE = YES;
				CLANG_WARN__DUPLICATE_METHOD_MATCH = YES;
				COPY_PHASE_STRIP = NO;
				DEBUG_INFORMATION_FORMAT = dwarf;
				ENABLE_STRICT_OBJC_MSGSEND = YES;
				ENABLE_TESTABILITY = YES;
				ENABLE_USER_SCRIPT_SANDBOXING = YES;
				GCC_C_LANGUAGE_STANDARD = gnu17;
				GCC_DYNAMIC_NO_PIC = NO;
				GCC_NO_COMMON_BLOCKS = YES;
				GCC_OPTIMIZATION_LEVEL = 0;
				GCC_PREPROCESSOR_DEFINITIONS = (
					"DEBUG=1",
					"$(inherited)",
				);
				GCC_WARN_64_TO_32_BIT_CONVERSION = YES;
				GCC_WARN_ABOUT_RETURN_TYPE = YES_ERROR;
				GCC_WARN_UNDECLARED_SELECTOR = YES;
				GCC_WARN_UNINITIALIZED_AUTOS = YES_AGGRESSIVE;
				GCC_WARN_UNUSED_FUNCTION = YES;
				GCC_WARN_UNUSED_VARIABLE = YES;
				IPHONEOS_DEPLOYMENT_TARGET = 17.2;
				LOCALIZATION_PREFERS_STRING_CATALOGS = YES;
				MTL_ENABLE_DEBUG_INFO = INCLUDE_SOURCE;
				MTL_FAST_MATH = YES;
				ONLY_ACTIVE_ARCH = YES;
				SDKROOT = iphoneos;
				SWIFT_ACTIVE_COMPILATION_CONDITIONS = "DEBUG $(inherited)";
				SWIFT_OPTIMIZATION_LEVEL = "-Onone";
			};
			name = Debug;
		};
		5A46C8F12B4E8CA100CFC675 /* Release */ = {
			isa = XCBuildConfiguration;
			buildSettings = {
				ALWAYS_SEARCH_USER_PATHS = NO;
				ASSETCATALOG_COMPILER_GENERATE_SWIFT_ASSET_SYMBOL_EXTENSIONS = YES;
				CLANG_ANALYZER_NONNULL = YES;
				CLANG_ANALYZER_NUMBER_OBJECT_CONVERSION = YES_AGGRESSIVE;
				CLANG_CXX_LANGUAGE_STANDARD = "gnu++20";
				CLANG_ENABLE_MODULES = YES;
				CLANG_ENABLE_OBJC_ARC = YES;
				CLANG_ENABLE_OBJC_WEAK = YES;
				CLANG_WARN_BLOCK_CAPTURE_AUTORELEASING = YES;
				CLANG_WARN_BOOL_CONVERSION = YES;
				CLANG_WARN_COMMA = YES;
				CLANG_WARN_CONSTANT_CONVERSION = YES;
				CLANG_WARN_DEPRECATED_OBJC_IMPLEMENTATIONS = YES;
				CLANG_WARN_DIRECT_OBJC_ISA_USAGE = YES_ERROR;
				CLANG_WARN_DOCUMENTATION_COMMENTS = YES;
				CLANG_WARN_EMPTY_BODY = YES;
				CLANG_WARN_ENUM_CONVERSION = YES;
				CLANG_WARN_INFINITE_RECURSION = YES;
				CLANG_WARN_INT_CONVERSION = YES;
				CLANG_WARN_NON_LITERAL_NULL_CONVERSION = YES;
				CLANG_WARN_OBJC_IMPLICIT_RETAIN_SELF = YES;
				CLANG_WARN_OBJC_LITERAL_CONVERSION = YES;
				CLANG_WARN_OBJC_ROOT_CLASS = YES_ERROR;
				CLANG_WARN_QUOTED_INCLUDE_IN_FRAMEWORK_HEADER = YES;
				CLANG_WARN_RANGE_LOOP_ANALYSIS = YES;
				CLANG_WARN_STRICT_PROTOTYPES = YES;
				CLANG_WARN_SUSPICIOUS_MOVE = YES;
				CLANG_WARN_UNGUARDED_AVAILABILITY = YES_AGGRESSIVE;
				CLANG_WARN_UNREACHABLE_CODE = YES;
				CLANG_WARN__DUPLICATE_METHOD_MATCH = YES;
				COPY_PHASE_STRIP = NO;
				DEBUG_INFORMATION_FORMAT = "dwarf-with-dsym";
				ENABLE_NS_ASSERTIONS = NO;
				ENABLE_STRICT_OBJC_MSGSEND = YES;
				ENABLE_USER_SCRIPT_SANDBOXING = YES;
				GCC_C_LANGUAGE_STANDARD = gnu17;
				GCC_NO_COMMON_BLOCKS = YES;
				GCC_WARN_64_TO_32_BIT_CONVERSION = YES;
				GCC_WARN_ABOUT_RETURN_TYPE = YES_ERROR;
				GCC_WARN_UNDECLARED_SELECTOR = YES;
				GCC_WARN_UNINITIALIZED_AUTOS = YES_AGGRESSIVE;
				GCC_WARN_UNUSED_FUNCTION = YES;
				GCC_WARN_UNUSED_VARIABLE = YES;
				IPHONEOS_DEPLOYMENT_TARGET = 17.2;
				LOCALIZATION_PREFERS_STRING_CATALOGS = YES;
				MTL_ENABLE_DEBUG_INFO = NO;
				MTL_FAST_MATH = YES;
				SDKROOT = iphoneos;
				SWIFT_COMPILATION_MODE = wholemodule;
				VALIDATE_PRODUCT = YES;
			};
			name = Release;
		};
		5A46C8F32B4E8CA100CFC675 /* Debug */ = {
			isa = XCBuildConfiguration;
			buildSettings = {
				ASSETCATALOG_COMPILER_APPICON_NAME = AppIcon;
				ASSETCATALOG_COMPILER_GLOBAL_ACCENT_COLOR_NAME = AccentColor;
				CODE_SIGN_STYLE = Automatic;
				CURRENT_PROJECT_VERSION = 1;
				DEVELOPMENT_ASSET_PATHS = "\"N_VoiceMemo/Preview Content\"";
				DEVELOPMENT_TEAM = KBNZUY629B;
				ENABLE_PREVIEWS = YES;
				GENERATE_INFOPLIST_FILE = YES;
				INFOPLIST_KEY_UIApplicationSceneManifest_Generation = YES;
				INFOPLIST_KEY_UIApplicationSupportsIndirectInputEvents = YES;
				INFOPLIST_KEY_UILaunchScreen_Generation = YES;
				INFOPLIST_KEY_UILaunchStoryboardName = LauchScreen;
				INFOPLIST_KEY_UIStatusBarStyle = UIStatusBarStyleLightContent;
				INFOPLIST_KEY_UISupportedInterfaceOrientations = UIInterfaceOrientationPortrait;
				LD_RUNPATH_SEARCH_PATHS = (
					"$(inherited)",
					"@executable_path/Frameworks",
				);
				MARKETING_VERSION = 1.0;
				PRODUCT_BUNDLE_IDENTIFIER = "Yoojin.N-VoiceMemo";
				PRODUCT_NAME = "$(TARGET_NAME)";
				SWIFT_EMIT_LOC_STRINGS = YES;
				SWIFT_VERSION = 5.0;
				TARGETED_DEVICE_FAMILY = "1,2";
			};
			name = Debug;
		};
		5A46C8F42B4E8CA100CFC675 /* Release */ = {
			isa = XCBuildConfiguration;
			buildSettings = {
				ASSETCATALOG_COMPILER_APPICON_NAME = AppIcon;
				ASSETCATALOG_COMPILER_GLOBAL_ACCENT_COLOR_NAME = AccentColor;
				CODE_SIGN_STYLE = Automatic;
				CURRENT_PROJECT_VERSION = 1;
				DEVELOPMENT_ASSET_PATHS = "\"N_VoiceMemo/Preview Content\"";
				DEVELOPMENT_TEAM = KBNZUY629B;
				ENABLE_PREVIEWS = YES;
				GENERATE_INFOPLIST_FILE = YES;
				INFOPLIST_KEY_UIApplicationSceneManifest_Generation = YES;
				INFOPLIST_KEY_UIApplicationSupportsIndirectInputEvents = YES;
				INFOPLIST_KEY_UILaunchScreen_Generation = YES;
				INFOPLIST_KEY_UILaunchStoryboardName = LauchScreen;
				INFOPLIST_KEY_UIStatusBarStyle = UIStatusBarStyleLightContent;
				INFOPLIST_KEY_UISupportedInterfaceOrientations = UIInterfaceOrientationPortrait;
				LD_RUNPATH_SEARCH_PATHS = (
					"$(inherited)",
					"@executable_path/Frameworks",
				);
				MARKETING_VERSION = 1.0;
				PRODUCT_BUNDLE_IDENTIFIER = "Yoojin.N-VoiceMemo";
				PRODUCT_NAME = "$(TARGET_NAME)";
				SWIFT_EMIT_LOC_STRINGS = YES;
				SWIFT_VERSION = 5.0;
				TARGETED_DEVICE_FAMILY = "1,2";
			};
			name = Release;
		};
/* End XCBuildConfiguration section */

/* Begin XCConfigurationList section */
		5A46C8DF2B4E8C9D00CFC675 /* Build configuration list for PBXProject "N_VoiceMemo" */ = {
			isa = XCConfigurationList;
			buildConfigurations = (
				5A46C8F02B4E8CA100CFC675 /* Debug */,
				5A46C8F12B4E8CA100CFC675 /* Release */,
			);
			defaultConfigurationIsVisible = 0;
			defaultConfigurationName = Release;
		};
		5A46C8F22B4E8CA100CFC675 /* Build configuration list for PBXNativeTarget "N_VoiceMemo" */ = {
			isa = XCConfigurationList;
			buildConfigurations = (
				5A46C8F32B4E8CA100CFC675 /* Debug */,
				5A46C8F42B4E8CA100CFC675 /* Release */,
			);
			defaultConfigurationIsVisible = 0;
			defaultConfigurationName = Release;
		};
/* End XCConfigurationList section */
	};
	rootObject = 5A46C8DC2B4E8C9D00CFC675 /* Project object */;
}
